
Microsoft Visual Studio Solution File, Format Version 12.00
# Visual Studio Version 16
VisualStudioVersion = 16.0.29215.179
MinimumVisualStudioVersion = 10.0.40219.1
Project("{FAE04EC0-301F-11D3-BF4B-00C04F79EFBC}") = "Rectangle", "Rectangle\Rectangle.csproj", "{D59E76A0-F470-463A-BB1D-527C391AF0D2}"
EndProject
Global
	GlobalSection(SolutionConfigurationPlatforms) = preSolution
		Debug|Any CPU = Debug|Any CPU
		Release|Any CPU = Release|Any CPU
	EndGlobalSection
	GlobalSection(ProjectConfigurationPlatforms) = postSolution
		{D59E76A0-F470-463A-BB1D-527C391AF0D2}.Debug|Any CPU.ActiveCfg = Debug|Any CPU
		{D59E76A0-F470-463A-BB1D-527C391AF0D2}.Debug|Any CPU.Build.0 = Debug|Any CPU
		{D59E76A0-F470-463A-BB1D-527C391AF0D2}.Release|Any CPU.ActiveCfg = Release|Any CPU
		{D59E76A0-F470-463A-BB1D-527C391AF0D2}.Release|Any CPU.Build.0 = Release|Any CPU
	EndGlobalSection
	GlobalSection(SolutionProperties) = preSolution
		HideSolutionNode = FALSE
	EndGlobalSection
	GlobalSection(ExtensibilityGlobals) = postSolution
		SolutionGuid = {16E84002-D41C-4927-A719-79A79D952096}
	EndGlobalSection
EndGlobal
